# THIS IS AN AUTOGENERATED FILE. DO NOT EDIT THIS FILE DIRECTLY.
# yarn lockfile v1


deep-diff@^0.3.5:
  version "0.3.8"
  resolved "https://registry.yarnpkg.com/deep-diff/-/deep-diff-0.3.8.tgz#c01de63efb0eec9798801d40c7e0dae25b582c84"

deepmerge@^2.0.0:
  version "2.1.1"
  resolved "https://registry.yarnpkg.com/deepmerge/-/deepmerge-2.1.1.tgz#e862b4e45ea0555072bf51e7fd0d9845170ae768"

encoding@^0.1.11:
  version "0.1.12"
  resolved "https://registry.yarnpkg.com/encoding/-/encoding-0.1.12.tgz#538b66f3ee62cd1ab51ec323829d1f9480c74beb"
  dependencies:
    iconv-lite "~0.4.13"

fast-deep-equal@^1.0.0:
  version "1.1.0"
  resolved "https://registry.yarnpkg.com/fast-deep-equal/-/fast-deep-equal-1.1.0.tgz#c053477817c86b51daa853c81e059b733d023614"

iconv-lite@~0.4.13:
  version "0.4.23"
  resolved "https://registry.yarnpkg.com/iconv-lite/-/iconv-lite-0.4.23.tgz#297871f63be507adcfbfca715d0cd0eed84e9a63"
  dependencies:
    safer-buffer ">= 2.1.2 < 3"

is-stream@^1.0.1:
  version "1.1.0"
  resolved "https://registry.yarnpkg.com/is-stream/-/is-stream-1.1.0.tgz#12d4a3dd4e68e0b79ceb8dbc84173ae80d91ca44"

js-tokens@^3.0.0:
  version "3.0.2"
  resolved "https://registry.yarnpkg.com/js-tokens/-/js-tokens-3.0.2.tgz#9866df395102130e38f7f996bceb65443209c25b"

loose-envify@^1.1.0:
  version "1.3.1"
  resolved "https://registry.yarnpkg.com/loose-envify/-/loose-envify-1.3.1.tgz#d1a8ad33fa9ce0e713d65fdd0ac8b748d478c848"
  dependencies:
    js-tokens "^3.0.0"

mongolike-operations@~0.1.5:
  version "0.1.5"
  resolved "https://registry.yarnpkg.com/mongolike-operations/-/mongolike-operations-0.1.5.tgz#b8879c0798c1c59d4f5a8d2539c270c79ea09c18"

node-fetch@^1.7.3:
  version "1.7.3"
  resolved "https://registry.yarnpkg.com/node-fetch/-/node-fetch-1.7.3.tgz#980f6f72d85211a5347c6b2bc18c5b84c3eb47ef"
  dependencies:
    encoding "^0.1.11"
    is-stream "^1.0.1"

oad-utils@~0.2.1:
  version "0.2.1"
  resolved "https://registry.yarnpkg.com/oad-utils/-/oad-utils-0.2.1.tgz#3d38bffdf45569c4cd4ae1c844450435f27c936b"
  dependencies:
    deepmerge "^2.0.0"
    mongolike-operations "~0.1.5"

phenyl-http-client@^0.2.6:
  version "0.2.6"
  resolved "https://registry.yarnpkg.com/phenyl-http-client/-/phenyl-http-client-0.2.6.tgz#261f8149f111689c2241a566558e2ef6f11c572e"
  dependencies:
    node-fetch "^1.7.3"
    phenyl-http-rules "~0.2.5"
    phenyl-interfaces "~0.2.3"
    phenyl-utils "~0.2.5"
    whatwg-fetch "^2.0.3"

phenyl-http-rules@~0.2.5:
  version "0.2.5"
  resolved "https://registry.yarnpkg.com/phenyl-http-rules/-/phenyl-http-rules-0.2.5.tgz#01b932fc79145a1ae92ad15c5d49b8c03c6cbe70"
  dependencies:
    phenyl-interfaces "~0.2.3"
    phenyl-utils "~0.2.5"

phenyl-interfaces@~0.2.3:
  version "0.2.3"
  resolved "https://registry.yarnpkg.com/phenyl-interfaces/-/phenyl-interfaces-0.2.3.tgz#e923790ec60144a51ca91df4d27cdd99165e451a"
  dependencies:
    mongolike-operations "~0.1.5"

phenyl-redux@^0.3.5:
  version "0.3.5"
  resolved "https://registry.yarnpkg.com/phenyl-redux/-/phenyl-redux-0.3.5.tgz#1269a898b0d3df87f775cf316915c8215d965e6e"
  dependencies:
    fast-deep-equal "^1.0.0"
    phenyl-interfaces "~0.2.3"
    phenyl-utils "~0.2.5"
    power-assign "~0.2.9"

phenyl-utils@~0.2.5:
  version "0.2.5"
  resolved "https://registry.yarnpkg.com/phenyl-utils/-/phenyl-utils-0.2.5.tgz#ed21237f0126dad10fe0338d5e831fe417f55c2b"
  dependencies:
    oad-utils "~0.2.1"
    phenyl-interfaces "~0.2.3"
    power-assign "~0.2.9"

power-assign@~0.2.9:
  version "0.2.9"
  resolved "https://registry.yarnpkg.com/power-assign/-/power-assign-0.2.9.tgz#9bb5019a69cf00cf196646ca771507f352254c86"
  dependencies:
    fast-deep-equal "^1.0.0"
    mongolike-operations "~0.1.5"
    oad-utils "~0.2.1"
    power-filter "~0.1.8"

power-filter@~0.1.8:
  version "0.1.8"
  resolved "https://registry.yarnpkg.com/power-filter/-/power-filter-0.1.8.tgz#535b2870b4cc92e8720728d3edd0b160855a4c2c"
  dependencies:
    fast-deep-equal "^1.0.0"
    mongolike-operations "~0.1.5"
    oad-utils "~0.2.1"

redux-logger@^3.0.6:
  version "3.0.6"
  resolved "https://registry.yarnpkg.com/redux-logger/-/redux-logger-3.0.6.tgz#f7555966f3098f3c88604c449cf0baf5778274bf"
  dependencies:
    deep-diff "^0.3.5"

redux-thunk@^2.3.0:
  version "2.3.0"
  resolved "https://registry.yarnpkg.com/redux-thunk/-/redux-thunk-2.3.0.tgz#51c2c19a185ed5187aaa9a2d08b666d0d6467622"

redux@^4.0.0:
  version "4.0.0"
  resolved "https://registry.yarnpkg.com/redux/-/redux-4.0.0.tgz#aa698a92b729315d22b34a0553d7e6533555cc03"
  dependencies:
    loose-envify "^1.1.0"
    symbol-observable "^1.2.0"

"safer-buffer@>= 2.1.2 < 3":
  version "2.1.2"
  resolved "https://registry.yarnpkg.com/safer-buffer/-/safer-buffer-2.1.2.tgz#44fa161b0187b9549dd84bb91802f9bd8385cd6a"

symbol-observable@^1.2.0:
  version "1.2.0"
  resolved "https://registry.yarnpkg.com/symbol-observable/-/symbol-observable-1.2.0.tgz#c22688aed4eab3cdc2dfeacbb561660560a00804"

whatwg-fetch@^2.0.3:
  version "2.0.4"
  resolved "https://registry.yarnpkg.com/whatwg-fetch/-/whatwg-fetch-2.0.4.tgz#dde6a5df315f9d39991aa17621853d720b85566f"
